# THIS IS AN AUTOGENERATED FILE. DO NOT EDIT THIS FILE DIRECTLY.
# yarn lockfile v1


govuk-frontend@^3.0.0:
  version "3.0.0"
  resolved "https://registry.yarnpkg.com/govuk-frontend/-/govuk-frontend-3.0.0.tgz#27e4751592c0587ec925c637dcd1a2582429afe4"
  integrity sha512-GCrEeaQZEnsthNtfmOUFlgsieNjHOeoamSWMdD4Gdq0RPxCA9uzfrT2i3jVnlBORekKjOL0C8eFZQBSNnjtz2A==

jquery@^3.4.1:
  version "3.4.1"
  resolved "https://registry.yarnpkg.com/jquery/-/jquery-3.4.1.tgz#714f1f8d9dde4bdfa55764ba37ef214630d80ef2"
  integrity sha512-36+AdBzCL+y6qjw5Tx7HgzeGCzC81MDDgaUP8ld2zhx58HdqXGoBd+tHdrBMiyjGQs0Hxs/MLZTu/eHNJJuWPw==

taggle@^1.14.4:
  version "1.14.4"
  resolved "https://registry.yarnpkg.com/taggle/-/taggle-1.14.4.tgz#9dccb3c5e14f2bb590e224606824eb5c70bb47a6"
  integrity sha512-iovbZPZw1598o9U9CzGodF2Ckot33H+OQ91ZTDwx6tIw4M5UBiDbZnd7QIkndad4sYPWOyaSCNcKkMSlBz6+Mg==
